
Microsoft Visual Studio Solution File, Format Version 11.00
# Visual Studio 2010
Project("{FAE04EC0-301F-11D3-BF4B-00C04F79EFBC}") = "CloudSurferWeb", "CloudSurferWeb\CloudSurferWeb.csproj", "{7BBF1B09-E34E-47EE-9218-730AD0D0DE40}"
EndProject
Global
	GlobalSection(SolutionConfigurationPlatforms) = preSolution
		Debug|Any CPU = Debug|Any CPU
		Release|Any CPU = Release|Any CPU
	EndGlobalSection
	GlobalSection(ProjectConfigurationPlatforms) = postSolution
		{7BBF1B09-E34E-47EE-9218-730AD0D0DE40}.Debug|Any CPU.ActiveCfg = Debug|Any CPU
		{7BBF1B09-E34E-47EE-9218-730AD0D0DE40}.Debug|Any CPU.Build.0 = Debug|Any CPU
		{7BBF1B09-E34E-47EE-9218-730AD0D0DE40}.Release|Any CPU.ActiveCfg = Release|Any CPU
		{7BBF1B09-E34E-47EE-9218-730AD0D0DE40}.Release|Any CPU.Build.0 = Release|Any CPU
	EndGlobalSection
	GlobalSection(MonoDevelopProperties) = preSolution
		StartupItem = CloudSurferWeb\CloudSurferWeb.csproj
	EndGlobalSection
EndGlobal
